
Microsoft Visual Studio Solution File, Format Version 12.00
# Visual Studio Version 16
VisualStudioVersion = 16.0.29102.190
MinimumVisualStudioVersion = 10.0.40219.1
Project("{9A19103F-16F7-4668-BE54-9A1E7A4F7556}") = "Est.CrossClusterReplication", "Est.CrossClusterReplication\Est.CrossClusterReplication.csproj", "{A59AF2B3-EDF9-4D99-8826-570B908F8E26}"
EndProject
Project("{9A19103F-16F7-4668-BE54-9A1E7A4F7556}") = "Est.CrossClusterReplication.Contracts", "Est.CrossClusterReplication.Contracts\Est.CrossClusterReplication.Contracts.csproj", "{D435BF89-372B-42FF-92C5-21B014D2F754}"
EndProject
Project("{9A19103F-16F7-4668-BE54-9A1E7A4F7556}") = "Est.CrossClusterReplication.Model", "Est.CrossClusterReplication.Model\Est.CrossClusterReplication.Model.csproj", "{0BA6EB7D-C290-46F3-95F6-B24516FDF089}"
EndProject
Project("{9A19103F-16F7-4668-BE54-9A1E7A4F7556}") = "Est.Web", "Est.Web\Est.Web.csproj", "{7129FCC1-98ED-441D-93F4-C8AF1AD43C0C}"
EndProject
Project("{FAE04EC0-301F-11D3-BF4B-00C04F79EFBC}") = "Est.Tests", "Est.Tests\Est.Tests.csproj", "{446DDA1D-3E77-4FA1-AF6F-E962A5B0AC3B}"
EndProject
Project("{FAE04EC0-301F-11D3-BF4B-00C04F79EFBC}") = "Est.CrossClusterReplication.Config.LiteDb", "Est.CrossClusterReplication.Config.LiteDb\Est.CrossClusterReplication.Config.LiteDb.csproj", "{9CD97B24-1FAD-493E-A25D-C6BAB365608A}"
EndProject
Global
	GlobalSection(SolutionConfigurationPlatforms) = preSolution
		Debug|Any CPU = Debug|Any CPU
		Release|Any CPU = Release|Any CPU
	EndGlobalSection
	GlobalSection(ProjectConfigurationPlatforms) = postSolution
		{A59AF2B3-EDF9-4D99-8826-570B908F8E26}.Debug|Any CPU.ActiveCfg = Debug|Any CPU
		{A59AF2B3-EDF9-4D99-8826-570B908F8E26}.Debug|Any CPU.Build.0 = Debug|Any CPU
		{A59AF2B3-EDF9-4D99-8826-570B908F8E26}.Release|Any CPU.ActiveCfg = Release|Any CPU
		{A59AF2B3-EDF9-4D99-8826-570B908F8E26}.Release|Any CPU.Build.0 = Release|Any CPU
		{D435BF89-372B-42FF-92C5-21B014D2F754}.Debug|Any CPU.ActiveCfg = Debug|Any CPU
		{D435BF89-372B-42FF-92C5-21B014D2F754}.Debug|Any CPU.Build.0 = Debug|Any CPU
		{D435BF89-372B-42FF-92C5-21B014D2F754}.Release|Any CPU.ActiveCfg = Release|Any CPU
		{D435BF89-372B-42FF-92C5-21B014D2F754}.Release|Any CPU.Build.0 = Release|Any CPU
		{0BA6EB7D-C290-46F3-95F6-B24516FDF089}.Debug|Any CPU.ActiveCfg = Debug|Any CPU
		{0BA6EB7D-C290-46F3-95F6-B24516FDF089}.Debug|Any CPU.Build.0 = Debug|Any CPU
		{0BA6EB7D-C290-46F3-95F6-B24516FDF089}.Release|Any CPU.ActiveCfg = Release|Any CPU
		{0BA6EB7D-C290-46F3-95F6-B24516FDF089}.Release|Any CPU.Build.0 = Release|Any CPU
		{7129FCC1-98ED-441D-93F4-C8AF1AD43C0C}.Debug|Any CPU.ActiveCfg = Debug|Any CPU
		{7129FCC1-98ED-441D-93F4-C8AF1AD43C0C}.Debug|Any CPU.Build.0 = Debug|Any CPU
		{7129FCC1-98ED-441D-93F4-C8AF1AD43C0C}.Release|Any CPU.ActiveCfg = Release|Any CPU
		{7129FCC1-98ED-441D-93F4-C8AF1AD43C0C}.Release|Any CPU.Build.0 = Release|Any CPU
		{446DDA1D-3E77-4FA1-AF6F-E962A5B0AC3B}.Debug|Any CPU.ActiveCfg = Debug|Any CPU
		{446DDA1D-3E77-4FA1-AF6F-E962A5B0AC3B}.Debug|Any CPU.Build.0 = Debug|Any CPU
		{446DDA1D-3E77-4FA1-AF6F-E962A5B0AC3B}.Release|Any CPU.ActiveCfg = Release|Any CPU
		{446DDA1D-3E77-4FA1-AF6F-E962A5B0AC3B}.Release|Any CPU.Build.0 = Release|Any CPU
		{9CD97B24-1FAD-493E-A25D-C6BAB365608A}.Debug|Any CPU.ActiveCfg = Debug|Any CPU
		{9CD97B24-1FAD-493E-A25D-C6BAB365608A}.Debug|Any CPU.Build.0 = Debug|Any CPU
		{9CD97B24-1FAD-493E-A25D-C6BAB365608A}.Release|Any CPU.ActiveCfg = Release|Any CPU
		{9CD97B24-1FAD-493E-A25D-C6BAB365608A}.Release|Any CPU.Build.0 = Release|Any CPU
	EndGlobalSection
	GlobalSection(SolutionProperties) = preSolution
		HideSolutionNode = FALSE
	EndGlobalSection
	GlobalSection(ExtensibilityGlobals) = postSolution
		SolutionGuid = {1AF95724-4A4E-439A-8569-D7A7975A32B1}
	EndGlobalSection
EndGlobal
