
Microsoft Visual Studio Solution File, Format Version 12.00
# Visual Studio Version 16
VisualStudioVersion = 16.0.29102.190
MinimumVisualStudioVersion = 10.0.40219.1
Project("{9A19103F-16F7-4668-BE54-9A1E7A4F7556}") = "Est.CrossClusterReplication", "Est.CrossClusterReplication\Est.CrossClusterReplication.csproj", "{A59AF2B3-EDF9-4D99-8826-570B908F8E26}"
EndProject
Project("{9A19103F-16F7-4668-BE54-9A1E7A4F7556}") = "Est.Tests", "Est.Tests\Est.Tests.csproj", "{446DDA1D-3E77-4FA1-AF6F-E962A5B0AC3B}"
EndProject
Project("{FAE04EC0-301F-11D3-BF4B-00C04F79EFBC}") = "Est.CrossClusterReplication.TestClient", "Est.CrossClusterReplication.TestClient\Est.CrossClusterReplication.TestClient.csproj", "{D91E29A2-ACD1-4C5A-BFBA-FAD97D763515}"
EndProject
Global
	GlobalSection(SolutionConfigurationPlatforms) = preSolution
		Debug|Any CPU = Debug|Any CPU
		Release|Any CPU = Release|Any CPU
	EndGlobalSection
	GlobalSection(ProjectConfigurationPlatforms) = postSolution
		{A59AF2B3-EDF9-4D99-8826-570B908F8E26}.Debug|Any CPU.ActiveCfg = Debug|Any CPU
		{A59AF2B3-EDF9-4D99-8826-570B908F8E26}.Debug|Any CPU.Build.0 = Debug|Any CPU
		{A59AF2B3-EDF9-4D99-8826-570B908F8E26}.Release|Any CPU.ActiveCfg = Release|Any CPU
		{A59AF2B3-EDF9-4D99-8826-570B908F8E26}.Release|Any CPU.Build.0 = Release|Any CPU
		{446DDA1D-3E77-4FA1-AF6F-E962A5B0AC3B}.Debug|Any CPU.ActiveCfg = Debug|Any CPU
		{446DDA1D-3E77-4FA1-AF6F-E962A5B0AC3B}.Debug|Any CPU.Build.0 = Debug|Any CPU
		{446DDA1D-3E77-4FA1-AF6F-E962A5B0AC3B}.Release|Any CPU.ActiveCfg = Release|Any CPU
		{446DDA1D-3E77-4FA1-AF6F-E962A5B0AC3B}.Release|Any CPU.Build.0 = Release|Any CPU
		{D91E29A2-ACD1-4C5A-BFBA-FAD97D763515}.Debug|Any CPU.ActiveCfg = Debug|Any CPU
		{D91E29A2-ACD1-4C5A-BFBA-FAD97D763515}.Debug|Any CPU.Build.0 = Debug|Any CPU
		{D91E29A2-ACD1-4C5A-BFBA-FAD97D763515}.Release|Any CPU.ActiveCfg = Release|Any CPU
		{D91E29A2-ACD1-4C5A-BFBA-FAD97D763515}.Release|Any CPU.Build.0 = Release|Any CPU
	EndGlobalSection
	GlobalSection(SolutionProperties) = preSolution
		HideSolutionNode = FALSE
	EndGlobalSection
	GlobalSection(ExtensibilityGlobals) = postSolution
		SolutionGuid = {1AF95724-4A4E-439A-8569-D7A7975A32B1}
	EndGlobalSection
EndGlobal
