
Microsoft Visual Studio Solution File, Format Version 12.00
# Visual Studio Version 17
VisualStudioVersion = 17.14.36202.13
MinimumVisualStudioVersion = 10.0.40219.1
Project("{FAE04EC0-301F-11D3-BF4B-00C04F79EFBC}") = "Linker", "Linker\Linker.csproj", "{A7B550FD-9681-F1BD-F9A4-E8E42BBC19DC}"
EndProject
Project("{FAE04EC0-301F-11D3-BF4B-00C04F79EFBC}") = "Linker.App", "Linker.App\Linker.App.csproj", "{80A40026-EB2D-C35E-724C-511A55ACB27E}"
EndProject
Project("{FAE04EC0-301F-11D3-BF4B-00C04F79EFBC}") = "Tests", "Tests\Tests.csproj", "{9CF47860-2CEA-F379-09D8-9AEF27965D12}"
EndProject
Global
	GlobalSection(SolutionConfigurationPlatforms) = preSolution
		Debug|Any CPU = Debug|Any CPU
		Release|Any CPU = Release|Any CPU
	EndGlobalSection
	GlobalSection(ProjectConfigurationPlatforms) = postSolution
		{A7B550FD-9681-F1BD-F9A4-E8E42BBC19DC}.Debug|Any CPU.ActiveCfg = Debug|Any CPU
		{A7B550FD-9681-F1BD-F9A4-E8E42BBC19DC}.Debug|Any CPU.Build.0 = Debug|Any CPU
		{A7B550FD-9681-F1BD-F9A4-E8E42BBC19DC}.Release|Any CPU.ActiveCfg = Release|Any CPU
		{A7B550FD-9681-F1BD-F9A4-E8E42BBC19DC}.Release|Any CPU.Build.0 = Release|Any CPU
		{80A40026-EB2D-C35E-724C-511A55ACB27E}.Debug|Any CPU.ActiveCfg = Debug|Any CPU
		{80A40026-EB2D-C35E-724C-511A55ACB27E}.Debug|Any CPU.Build.0 = Debug|Any CPU
		{80A40026-EB2D-C35E-724C-511A55ACB27E}.Release|Any CPU.ActiveCfg = Release|Any CPU
		{80A40026-EB2D-C35E-724C-511A55ACB27E}.Release|Any CPU.Build.0 = Release|Any CPU
		{9CF47860-2CEA-F379-09D8-9AEF27965D12}.Debug|Any CPU.ActiveCfg = Debug|Any CPU
		{9CF47860-2CEA-F379-09D8-9AEF27965D12}.Debug|Any CPU.Build.0 = Debug|Any CPU
		{9CF47860-2CEA-F379-09D8-9AEF27965D12}.Release|Any CPU.ActiveCfg = Release|Any CPU
		{9CF47860-2CEA-F379-09D8-9AEF27965D12}.Release|Any CPU.Build.0 = Release|Any CPU
	EndGlobalSection
	GlobalSection(SolutionProperties) = preSolution
		HideSolutionNode = FALSE
	EndGlobalSection
	GlobalSection(ExtensibilityGlobals) = postSolution
		SolutionGuid = {2C2F15EE-CC99-4DAC-A96F-5DE9C2AA70EC}
	EndGlobalSection
EndGlobal
