
Microsoft Visual Studio Solution File, Format Version 12.00
# Visual Studio Version 17
VisualStudioVersion = 17.14.36202.13
MinimumVisualStudioVersion = 10.0.40219.1
Project("{FAE04EC0-301F-11D3-BF4B-00C04F79EFBC}") = "Tests", "Tests\Tests.csproj", "{9CF47860-2CEA-F379-09D8-9AEF27965D12}"
EndProject
Project("{FAE04EC0-301F-11D3-BF4B-00C04F79EFBC}") = "Linker.Core", "Linker.Core\Linker.Core.csproj", "{77DBC2EE-91A1-4FF4-B672-39DED5212C2F}"
EndProject
Project("{FAE04EC0-301F-11D3-BF4B-00C04F79EFBC}") = "Linker", "Linker\Linker.csproj", "{F820346E-5BA0-4C14-B516-B41ABDA9571B}"
EndProject
Global
	GlobalSection(SolutionConfigurationPlatforms) = preSolution
		Debug|Any CPU = Debug|Any CPU
		Release|Any CPU = Release|Any CPU
	EndGlobalSection
	GlobalSection(ProjectConfigurationPlatforms) = postSolution
		{9CF47860-2CEA-F379-09D8-9AEF27965D12}.Debug|Any CPU.ActiveCfg = Debug|Any CPU
		{9CF47860-2CEA-F379-09D8-9AEF27965D12}.Debug|Any CPU.Build.0 = Debug|Any CPU
		{9CF47860-2CEA-F379-09D8-9AEF27965D12}.Release|Any CPU.ActiveCfg = Release|Any CPU
		{9CF47860-2CEA-F379-09D8-9AEF27965D12}.Release|Any CPU.Build.0 = Release|Any CPU
		{77DBC2EE-91A1-4FF4-B672-39DED5212C2F}.Debug|Any CPU.ActiveCfg = Debug|Any CPU
		{77DBC2EE-91A1-4FF4-B672-39DED5212C2F}.Debug|Any CPU.Build.0 = Debug|Any CPU
		{77DBC2EE-91A1-4FF4-B672-39DED5212C2F}.Release|Any CPU.ActiveCfg = Release|Any CPU
		{77DBC2EE-91A1-4FF4-B672-39DED5212C2F}.Release|Any CPU.Build.0 = Release|Any CPU
		{F820346E-5BA0-4C14-B516-B41ABDA9571B}.Debug|Any CPU.ActiveCfg = Debug|Any CPU
		{F820346E-5BA0-4C14-B516-B41ABDA9571B}.Debug|Any CPU.Build.0 = Debug|Any CPU
		{F820346E-5BA0-4C14-B516-B41ABDA9571B}.Release|Any CPU.ActiveCfg = Release|Any CPU
		{F820346E-5BA0-4C14-B516-B41ABDA9571B}.Release|Any CPU.Build.0 = Release|Any CPU
	EndGlobalSection
	GlobalSection(SolutionProperties) = preSolution
		HideSolutionNode = FALSE
	EndGlobalSection
	GlobalSection(ExtensibilityGlobals) = postSolution
		SolutionGuid = {2C2F15EE-CC99-4DAC-A96F-5DE9C2AA70EC}
	EndGlobalSection
EndGlobal
